{
    "name": "hoidanit-create-id",
    "version": "1.0.0",
    "lockfileVersion": 3,
    "requires": true,
    "packages": {
        "": {
            "name": "hoidanit-create-id",
            "version": "1.0.0",
            "license": "ISC",
            "dependencies": {
                "dotenv": "16.3.1",
                "getmac": "6.6.0",
                "systeminformation": "5.23.5"
            }
        },
        "node_modules/dotenv": {
            "version": "16.3.1",
            "resolved": "https://registry.npmjs.org/dotenv/-/dotenv-16.3.1.tgz",
            "integrity": "sha512-IPzF4w4/Rd94bA9imS68tZBaYyBWSCE47V1RGuMrB94iyTOIEwRmVL2x/4An+6mETpLrKJ5hQkB8W4kFAadeIQ==",
            "license": "BSD-2-Clause",
            "engines": {
                "node": ">=12"
            },
            "funding": {
                "url": "https://github.com/motdotla/dotenv?sponsor=1"
            }
        },
        "node_modules/getmac": {
            "version": "6.6.0",
            "resolved": "https://registry.npmjs.org/getmac/-/getmac-6.6.0.tgz",
            "integrity": "sha512-o1sq9o5QTfwUyWy7Dao1YGZOI9lN+xzEr9Ul36hyOxFrtuwgLG1ff7oiBEfRDxOrB3jJ2u4jKEs5KMSElyE0cQ==",
            "license": "Artistic-2.0",
            "engines": {
                "node": ">=8"
            },
            "funding": {
                "url": "https://bevry.me/fund"
            }
        },
        "node_modules/systeminformation": {
            "version": "5.23.5",
            "resolved": "https://registry.npmjs.org/systeminformation/-/systeminformation-5.23.5.tgz",
            "integrity": "sha512-PEpJwhRYxZgBCAlWZhWIgfMTjXLqfcaZ1pJsJn9snWNfBW/Z1YQg1mbIUSWrEV3ErAHF7l/OoVLQeaZDlPzkpA==",
            "license": "MIT",
            "os": [
                "darwin",
                "linux",
                "win32",
                "freebsd",
                "openbsd",
                "netbsd",
                "sunos",
                "android"
            ],
            "bin": {
                "systeminformation": "lib/cli.js"
            },
            "engines": {
                "node": ">=8.0.0"
            },
            "funding": {
                "type": "Buy me a coffee",
                "url": "https://www.buymeacoffee.com/systeminfo"
            }
        }
    }
}
